
Microsoft Visual Studio Solution File, Format Version 12.00
# Visual Studio Version 16
VisualStudioVersion = 16.0.31515.178
MinimumVisualStudioVersion = 10.0.40219.1
Project("{FAE04EC0-301F-11D3-BF4B-00C04F79EFBC}") = "Workout_Mobile_App.Android", "Workout_Mobile_App\Workout_Mobile_App.Android\Workout_Mobile_App.Android.csproj", "{A081B52A-F5DA-4FD5-9674-ED2C56515CB9}"
EndProject
Project("{FAE04EC0-301F-11D3-BF4B-00C04F79EFBC}") = "Workout_Mobile_App.iOS", "Workout_Mobile_App\Workout_Mobile_App.iOS\Workout_Mobile_App.iOS.csproj", "{F2F4A003-7D73-4D84-A784-69D34BDC959D}"
EndProject
Project("{FAE04EC0-301F-11D3-BF4B-00C04F79EFBC}") = "Workout_Mobile_App", "Workout_Mobile_App\Workout_Mobile_App\Workout_Mobile_App.csproj", "{27CF83AE-6934-403D-8CF5-0F7507F9008B}"
EndProject
Global
	GlobalSection(SolutionConfigurationPlatforms) = preSolution
		Debug|Any CPU = Debug|Any CPU
		Debug|iPhone = Debug|iPhone
		Debug|iPhoneSimulator = Debug|iPhoneSimulator
		Release|Any CPU = Release|Any CPU
		Release|iPhone = Release|iPhone
		Release|iPhoneSimulator = Release|iPhoneSimulator
	EndGlobalSection
	GlobalSection(ProjectConfigurationPlatforms) = postSolution
		{A081B52A-F5DA-4FD5-9674-ED2C56515CB9}.Debug|Any CPU.ActiveCfg = Debug|Any CPU
		{A081B52A-F5DA-4FD5-9674-ED2C56515CB9}.Debug|Any CPU.Build.0 = Debug|Any CPU
		{A081B52A-F5DA-4FD5-9674-ED2C56515CB9}.Debug|Any CPU.Deploy.0 = Debug|Any CPU
		{A081B52A-F5DA-4FD5-9674-ED2C56515CB9}.Debug|iPhone.ActiveCfg = Debug|Any CPU
		{A081B52A-F5DA-4FD5-9674-ED2C56515CB9}.Debug|iPhone.Build.0 = Debug|Any CPU
		{A081B52A-F5DA-4FD5-9674-ED2C56515CB9}.Debug|iPhone.Deploy.0 = Debug|Any CPU
		{A081B52A-F5DA-4FD5-9674-ED2C56515CB9}.Debug|iPhoneSimulator.ActiveCfg = Debug|Any CPU
		{A081B52A-F5DA-4FD5-9674-ED2C56515CB9}.Debug|iPhoneSimulator.Build.0 = Debug|Any CPU
		{A081B52A-F5DA-4FD5-9674-ED2C56515CB9}.Debug|iPhoneSimulator.Deploy.0 = Debug|Any CPU
		{A081B52A-F5DA-4FD5-9674-ED2C56515CB9}.Release|Any CPU.ActiveCfg = Release|Any CPU
		{A081B52A-F5DA-4FD5-9674-ED2C56515CB9}.Release|Any CPU.Build.0 = Release|Any CPU
		{A081B52A-F5DA-4FD5-9674-ED2C56515CB9}.Release|Any CPU.Deploy.0 = Release|Any CPU
		{A081B52A-F5DA-4FD5-9674-ED2C56515CB9}.Release|iPhone.ActiveCfg = Release|Any CPU
		{A081B52A-F5DA-4FD5-9674-ED2C56515CB9}.Release|iPhone.Build.0 = Release|Any CPU
		{A081B52A-F5DA-4FD5-9674-ED2C56515CB9}.Release|iPhone.Deploy.0 = Release|Any CPU
		{A081B52A-F5DA-4FD5-9674-ED2C56515CB9}.Release|iPhoneSimulator.ActiveCfg = Release|Any CPU
		{A081B52A-F5DA-4FD5-9674-ED2C56515CB9}.Release|iPhoneSimulator.Build.0 = Release|Any CPU
		{A081B52A-F5DA-4FD5-9674-ED2C56515CB9}.Release|iPhoneSimulator.Deploy.0 = Release|Any CPU
		{F2F4A003-7D73-4D84-A784-69D34BDC959D}.Debug|Any CPU.ActiveCfg = Debug|iPhone
		{F2F4A003-7D73-4D84-A784-69D34BDC959D}.Debug|Any CPU.Build.0 = Debug|iPhone
		{F2F4A003-7D73-4D84-A784-69D34BDC959D}.Debug|Any CPU.Deploy.0 = Debug|iPhone
		{F2F4A003-7D73-4D84-A784-69D34BDC959D}.Debug|iPhone.ActiveCfg = Debug|iPhone
		{F2F4A003-7D73-4D84-A784-69D34BDC959D}.Debug|iPhone.Build.0 = Debug|iPhone
		{F2F4A003-7D73-4D84-A784-69D34BDC959D}.Debug|iPhone.Deploy.0 = Debug|iPhone
		{F2F4A003-7D73-4D84-A784-69D34BDC959D}.Debug|iPhoneSimulator.ActiveCfg = Debug|iPhoneSimulator
		{F2F4A003-7D73-4D84-A784-69D34BDC959D}.Debug|iPhoneSimulator.Build.0 = Debug|iPhoneSimulator
		{F2F4A003-7D73-4D84-A784-69D34BDC959D}.Debug|iPhoneSimulator.Deploy.0 = Debug|iPhoneSimulator
		{F2F4A003-7D73-4D84-A784-69D34BDC959D}.Release|Any CPU.ActiveCfg = Release|iPhoneSimulator
		{F2F4A003-7D73-4D84-A784-69D34BDC959D}.Release|Any CPU.Build.0 = Release|iPhoneSimulator
		{F2F4A003-7D73-4D84-A784-69D34BDC959D}.Release|Any CPU.Deploy.0 = Release|iPhoneSimulator
		{F2F4A003-7D73-4D84-A784-69D34BDC959D}.Release|iPhone.ActiveCfg = Release|iPhone
		{F2F4A003-7D73-4D84-A784-69D34BDC959D}.Release|iPhone.Build.0 = Release|iPhone
		{F2F4A003-7D73-4D84-A784-69D34BDC959D}.Release|iPhone.Deploy.0 = Release|iPhone
		{F2F4A003-7D73-4D84-A784-69D34BDC959D}.Release|iPhoneSimulator.ActiveCfg = Release|iPhoneSimulator
		{F2F4A003-7D73-4D84-A784-69D34BDC959D}.Release|iPhoneSimulator.Build.0 = Release|iPhoneSimulator
		{F2F4A003-7D73-4D84-A784-69D34BDC959D}.Release|iPhoneSimulator.Deploy.0 = Release|iPhoneSimulator
		{27CF83AE-6934-403D-8CF5-0F7507F9008B}.Debug|Any CPU.ActiveCfg = Debug|Any CPU
		{27CF83AE-6934-403D-8CF5-0F7507F9008B}.Debug|Any CPU.Build.0 = Debug|Any CPU
		{27CF83AE-6934-403D-8CF5-0F7507F9008B}.Debug|Any CPU.Deploy.0 = Debug|Any CPU
		{27CF83AE-6934-403D-8CF5-0F7507F9008B}.Debug|iPhone.ActiveCfg = Debug|Any CPU
		{27CF83AE-6934-403D-8CF5-0F7507F9008B}.Debug|iPhone.Build.0 = Debug|Any CPU
		{27CF83AE-6934-403D-8CF5-0F7507F9008B}.Debug|iPhone.Deploy.0 = Debug|Any CPU
		{27CF83AE-6934-403D-8CF5-0F7507F9008B}.Debug|iPhoneSimulator.ActiveCfg = Debug|Any CPU
		{27CF83AE-6934-403D-8CF5-0F7507F9008B}.Debug|iPhoneSimulator.Build.0 = Debug|Any CPU
		{27CF83AE-6934-403D-8CF5-0F7507F9008B}.Debug|iPhoneSimulator.Deploy.0 = Debug|Any CPU
		{27CF83AE-6934-403D-8CF5-0F7507F9008B}.Release|Any CPU.ActiveCfg = Release|Any CPU
		{27CF83AE-6934-403D-8CF5-0F7507F9008B}.Release|Any CPU.Build.0 = Release|Any CPU
		{27CF83AE-6934-403D-8CF5-0F7507F9008B}.Release|Any CPU.Deploy.0 = Release|Any CPU
		{27CF83AE-6934-403D-8CF5-0F7507F9008B}.Release|iPhone.ActiveCfg = Release|Any CPU
		{27CF83AE-6934-403D-8CF5-0F7507F9008B}.Release|iPhone.Build.0 = Release|Any CPU
		{27CF83AE-6934-403D-8CF5-0F7507F9008B}.Release|iPhone.Deploy.0 = Release|Any CPU
		{27CF83AE-6934-403D-8CF5-0F7507F9008B}.Release|iPhoneSimulator.ActiveCfg = Release|Any CPU
		{27CF83AE-6934-403D-8CF5-0F7507F9008B}.Release|iPhoneSimulator.Build.0 = Release|Any CPU
		{27CF83AE-6934-403D-8CF5-0F7507F9008B}.Release|iPhoneSimulator.Deploy.0 = Release|Any CPU
	EndGlobalSection
	GlobalSection(SolutionProperties) = preSolution
		HideSolutionNode = FALSE
	EndGlobalSection
	GlobalSection(ExtensibilityGlobals) = postSolution
		SolutionGuid = {A17FD3F4-2BC5-4552-863A-6FA83CDB4DAA}
	EndGlobalSection
EndGlobal
